Microsoft Visual Studio Solution File, Format Version 11.00
# Visual Studio 2008

Project("{71C37745-34B0-99FE-55D9-F84CACB5102F}") = "Run Shipa, run", "Assembly-CSharp-firstpass.csproj", "{E4065E4A-08C2-3633-E333-413FE3BFF683}"
EndProject
Project("{71C37745-34B0-99FE-55D9-F84CACB5102F}") = "Run Shipa, run", "Assembly-CSharp.csproj", "{F8B9F8C9-8433-8DDD-EF65-F0200866BD6F}"
EndProject
Project("{71C37745-34B0-99FE-55D9-F84CACB5102F}") = "Run Shipa, run", "Assembly-CSharp-Editor.csproj", "{708EFE8B-C7AC-7C11-58BB-7BC4AD25C814}"
EndProject
Project("{71C37745-34B0-99FE-55D9-F84CACB5102F}") = "Run Shipa, run", "Assembly-UnityScript-firstpass.unityproj", "{AA468B1C-AA08-51D5-8531-308469C6A1A1}"
EndProject
Project("{71C37745-34B0-99FE-55D9-F84CACB5102F}") = "Run Shipa, run", "Assembly-UnityScript.unityproj", "{41EFB825-529F-AAD4-E55F-29E1D6C90D76}"
EndProject
Project("{71C37745-34B0-99FE-55D9-F84CACB5102F}") = "Run Shipa, run", "Assembly-UnityScript-Editor.unityproj", "{7A40ED85-DDF1-6ACF-277F-172E7E3DF561}"
EndProject
Global
	GlobalSection(SolutionConfigurationPlatforms) = preSolution
		Debug|Any CPU = Debug|Any CPU
		Release|Any CPU = Release|Any CPU
	EndGlobalSection
	GlobalSection(ProjectConfigurationPlatforms) = postSolution
		{E4065E4A-08C2-3633-E333-413FE3BFF683}.Debug|Any CPU.ActiveCfg = Debug|Any CPU
		{E4065E4A-08C2-3633-E333-413FE3BFF683}.Debug|Any CPU.Build.0 = Debug|Any CPU
		{E4065E4A-08C2-3633-E333-413FE3BFF683}.Release|Any CPU.ActiveCfg = Release|Any CPU
		{E4065E4A-08C2-3633-E333-413FE3BFF683}.Release|Any CPU.Build.0 = Release|Any CPU
		{F8B9F8C9-8433-8DDD-EF65-F0200866BD6F}.Debug|Any CPU.ActiveCfg = Debug|Any CPU
		{F8B9F8C9-8433-8DDD-EF65-F0200866BD6F}.Debug|Any CPU.Build.0 = Debug|Any CPU
		{F8B9F8C9-8433-8DDD-EF65-F0200866BD6F}.Release|Any CPU.ActiveCfg = Release|Any CPU
		{F8B9F8C9-8433-8DDD-EF65-F0200866BD6F}.Release|Any CPU.Build.0 = Release|Any CPU
		{708EFE8B-C7AC-7C11-58BB-7BC4AD25C814}.Debug|Any CPU.ActiveCfg = Debug|Any CPU
		{708EFE8B-C7AC-7C11-58BB-7BC4AD25C814}.Debug|Any CPU.Build.0 = Debug|Any CPU
		{708EFE8B-C7AC-7C11-58BB-7BC4AD25C814}.Release|Any CPU.ActiveCfg = Release|Any CPU
		{708EFE8B-C7AC-7C11-58BB-7BC4AD25C814}.Release|Any CPU.Build.0 = Release|Any CPU
		{AA468B1C-AA08-51D5-8531-308469C6A1A1}.Debug|Any CPU.ActiveCfg = Debug|Any CPU
		{AA468B1C-AA08-51D5-8531-308469C6A1A1}.Debug|Any CPU.Build.0 = Debug|Any CPU
		{AA468B1C-AA08-51D5-8531-308469C6A1A1}.Release|Any CPU.ActiveCfg = Release|Any CPU
		{AA468B1C-AA08-51D5-8531-308469C6A1A1}.Release|Any CPU.Build.0 = Release|Any CPU
		{41EFB825-529F-AAD4-E55F-29E1D6C90D76}.Debug|Any CPU.ActiveCfg = Debug|Any CPU
		{41EFB825-529F-AAD4-E55F-29E1D6C90D76}.Debug|Any CPU.Build.0 = Debug|Any CPU
		{41EFB825-529F-AAD4-E55F-29E1D6C90D76}.Release|Any CPU.ActiveCfg = Release|Any CPU
		{41EFB825-529F-AAD4-E55F-29E1D6C90D76}.Release|Any CPU.Build.0 = Release|Any CPU
		{7A40ED85-DDF1-6ACF-277F-172E7E3DF561}.Debug|Any CPU.ActiveCfg = Debug|Any CPU
		{7A40ED85-DDF1-6ACF-277F-172E7E3DF561}.Debug|Any CPU.Build.0 = Debug|Any CPU
		{7A40ED85-DDF1-6ACF-277F-172E7E3DF561}.Release|Any CPU.ActiveCfg = Release|Any CPU
		{7A40ED85-DDF1-6ACF-277F-172E7E3DF561}.Release|Any CPU.Build.0 = Release|Any CPU
	EndGlobalSection
	GlobalSection(SolutionProperties) = preSolution
		HideSolutionNode = FALSE
	EndGlobalSection
																									GlobalSection(MonoDevelopProperties) = preSolution
		StartupItem = Assembly-CSharp.csproj
		Policies = $0
		$0.TextStylePolicy = $1
		$1.inheritsSet = null
		$1.scope = text/x-csharp
		$0.CSharpFormattingPolicy = $2
		$2.inheritsSet = Mono
		$2.inheritsScope = text/x-csharp
		$2.scope = text/x-csharp
		$0.TextStylePolicy = $3
		$3.FileWidth = 120
		$3.TabWidth = 4
		$3.EolMarker = Unix
		$3.inheritsSet = Mono
		$3.inheritsScope = text/plain
		$3.scope = text/plain
	EndGlobalSection

EndGlobal
